{
  "pins" : [
    {
      "identity" : "reactiveswift",
      "kind" : "remoteSourceControl",
      "location" : "https://github.com/ReactiveCocoa/ReactiveSwift.git",
      "state" : {
        "revision" : "40c465af19b993344e84355c00669ba2022ca3cd",
        "version" : "7.1.1"
      }
    },
    {
      "identity" : "workflow-swift",
      "kind" : "remoteSourceControl",
      "location" : "https://github.com/Fleuronic/workflow-swift",
      "state" : {
        "branch" : "main",
        "revision" : "1bb353fd8d9af0a3a853a1518c542d00cc3e3ca4"
      }
    }
  ],
  "version" : 2
}
